
Microsoft Visual Studio Solution File, Format Version 12.00
# Visual Studio Version 17
VisualStudioVersion = 17.1.32210.238
MinimumVisualStudioVersion = 10.0.40219.1
Project("{2150E333-8FDC-42A3-9474-1A3956D46DE8}") = "src", "src", "{AFAA0841-BD93-466F-B8F4-FB4EEC86F1FC}"
EndProject
Project("{9A19103F-16F7-4668-BE54-9A1E7A4F7556}") = "Ahc.Club.Core", "src\Bwr.Exchange.Core\Ahc.Club.Core.csproj", "{0FA75A5B-AB83-4FD0-B545-279774C01E87}"
EndProject
Project("{9A19103F-16F7-4668-BE54-9A1E7A4F7556}") = "Ahc.Club.Application", "src\Bwr.Exchange.Application\Ahc.Club.Application.csproj", "{3870C648-4AEA-4B85-BA3F-F2F63B96136A}"
EndProject
Project("{9A19103F-16F7-4668-BE54-9A1E7A4F7556}") = "Ahc.Club.Migrator", "src\Bwr.Exchange.Migrator\Ahc.Club.Migrator.csproj", "{880B3591-E057-46FE-B525-10BD83828B93}"
EndProject
Project("{9A19103F-16F7-4668-BE54-9A1E7A4F7556}") = "Ahc.Club.Web.Host", "src\Bwr.Exchange.Web.Host\Ahc.Club.Web.Host.csproj", "{38E184BD-E874-4633-A947-AED4FDB73F40}"
EndProject
Project("{9A19103F-16F7-4668-BE54-9A1E7A4F7556}") = "Ahc.Club.Web.Core", "src\Bwr.Exchange.Web.Core\Ahc.Club.Web.Core.csproj", "{22CFE0D2-8DCA-42D7-AD7D-784C3862493F}"
EndProject
Project("{9A19103F-16F7-4668-BE54-9A1E7A4F7556}") = "Ahc.Club.EntityFrameworkCore", "src\Bwr.Exchange.EntityFrameworkCore\Ahc.Club.EntityFrameworkCore.csproj", "{E0580562-F8F2-4EBB-B07A-ABFC6F2C314F}"
EndProject
Project("{9A19103F-16F7-4668-BE54-9A1E7A4F7556}") = "Ahc.Club.Reflection", "src\Bwr.Exchange.Reflection\Ahc.Club.Reflection.csproj", "{D3080F1D-7E77-4141-9427-B48066C2E591}"
EndProject
Project("{9A19103F-16F7-4668-BE54-9A1E7A4F7556}") = "Bwire.CodeGenerator", "generator\Bwire.CodeGenerator\Bwire.CodeGenerator.csproj", "{56EA956E-446A-4B92-B6DA-43403212C95B}"
EndProject
Project("{2150E333-8FDC-42A3-9474-1A3956D46DE8}") = "generator", "generator", "{26FBEDFE-767F-4D2D-AFA3-F49EFED709CD}"
EndProject
Project("{9A19103F-16F7-4668-BE54-9A1E7A4F7556}") = "CodeGeneratorFront", "generator\CodeGeneratorFront\CodeGeneratorFront\CodeGeneratorFront.csproj", "{97D89026-562C-4DC1-8F43-05DA97D3F92B}"
EndProject
Global
	GlobalSection(SolutionConfigurationPlatforms) = preSolution
		Debug|Any CPU = Debug|Any CPU
		Release|Any CPU = Release|Any CPU
	EndGlobalSection
	GlobalSection(ProjectConfigurationPlatforms) = postSolution
		{0FA75A5B-AB83-4FD0-B545-279774C01E87}.Debug|Any CPU.ActiveCfg = Debug|Any CPU
		{0FA75A5B-AB83-4FD0-B545-279774C01E87}.Debug|Any CPU.Build.0 = Debug|Any CPU
		{0FA75A5B-AB83-4FD0-B545-279774C01E87}.Release|Any CPU.ActiveCfg = Release|Any CPU
		{0FA75A5B-AB83-4FD0-B545-279774C01E87}.Release|Any CPU.Build.0 = Release|Any CPU
		{3870C648-4AEA-4B85-BA3F-F2F63B96136A}.Debug|Any CPU.ActiveCfg = Debug|Any CPU
		{3870C648-4AEA-4B85-BA3F-F2F63B96136A}.Debug|Any CPU.Build.0 = Debug|Any CPU
		{3870C648-4AEA-4B85-BA3F-F2F63B96136A}.Release|Any CPU.ActiveCfg = Release|Any CPU
		{3870C648-4AEA-4B85-BA3F-F2F63B96136A}.Release|Any CPU.Build.0 = Release|Any CPU
		{880B3591-E057-46FE-B525-10BD83828B93}.Debug|Any CPU.ActiveCfg = Debug|Any CPU
		{880B3591-E057-46FE-B525-10BD83828B93}.Debug|Any CPU.Build.0 = Debug|Any CPU
		{880B3591-E057-46FE-B525-10BD83828B93}.Release|Any CPU.ActiveCfg = Release|Any CPU
		{880B3591-E057-46FE-B525-10BD83828B93}.Release|Any CPU.Build.0 = Release|Any CPU
		{38E184BD-E874-4633-A947-AED4FDB73F40}.Debug|Any CPU.ActiveCfg = Debug|Any CPU
		{38E184BD-E874-4633-A947-AED4FDB73F40}.Debug|Any CPU.Build.0 = Debug|Any CPU
		{38E184BD-E874-4633-A947-AED4FDB73F40}.Release|Any CPU.ActiveCfg = Release|Any CPU
		{38E184BD-E874-4633-A947-AED4FDB73F40}.Release|Any CPU.Build.0 = Release|Any CPU
		{22CFE0D2-8DCA-42D7-AD7D-784C3862493F}.Debug|Any CPU.ActiveCfg = Debug|Any CPU
		{22CFE0D2-8DCA-42D7-AD7D-784C3862493F}.Debug|Any CPU.Build.0 = Debug|Any CPU
		{22CFE0D2-8DCA-42D7-AD7D-784C3862493F}.Release|Any CPU.ActiveCfg = Release|Any CPU
		{22CFE0D2-8DCA-42D7-AD7D-784C3862493F}.Release|Any CPU.Build.0 = Release|Any CPU
		{E0580562-F8F2-4EBB-B07A-ABFC6F2C314F}.Debug|Any CPU.ActiveCfg = Debug|Any CPU
		{E0580562-F8F2-4EBB-B07A-ABFC6F2C314F}.Debug|Any CPU.Build.0 = Debug|Any CPU
		{E0580562-F8F2-4EBB-B07A-ABFC6F2C314F}.Release|Any CPU.ActiveCfg = Release|Any CPU
		{E0580562-F8F2-4EBB-B07A-ABFC6F2C314F}.Release|Any CPU.Build.0 = Release|Any CPU
		{D3080F1D-7E77-4141-9427-B48066C2E591}.Debug|Any CPU.ActiveCfg = Debug|Any CPU
		{D3080F1D-7E77-4141-9427-B48066C2E591}.Debug|Any CPU.Build.0 = Debug|Any CPU
		{D3080F1D-7E77-4141-9427-B48066C2E591}.Release|Any CPU.ActiveCfg = Release|Any CPU
		{D3080F1D-7E77-4141-9427-B48066C2E591}.Release|Any CPU.Build.0 = Release|Any CPU
		{56EA956E-446A-4B92-B6DA-43403212C95B}.Debug|Any CPU.ActiveCfg = Debug|Any CPU
		{56EA956E-446A-4B92-B6DA-43403212C95B}.Debug|Any CPU.Build.0 = Debug|Any CPU
		{56EA956E-446A-4B92-B6DA-43403212C95B}.Release|Any CPU.ActiveCfg = Release|Any CPU
		{56EA956E-446A-4B92-B6DA-43403212C95B}.Release|Any CPU.Build.0 = Release|Any CPU
		{97D89026-562C-4DC1-8F43-05DA97D3F92B}.Debug|Any CPU.ActiveCfg = Debug|Any CPU
		{97D89026-562C-4DC1-8F43-05DA97D3F92B}.Debug|Any CPU.Build.0 = Debug|Any CPU
		{97D89026-562C-4DC1-8F43-05DA97D3F92B}.Release|Any CPU.ActiveCfg = Release|Any CPU
		{97D89026-562C-4DC1-8F43-05DA97D3F92B}.Release|Any CPU.Build.0 = Release|Any CPU
	EndGlobalSection
	GlobalSection(SolutionProperties) = preSolution
		HideSolutionNode = FALSE
	EndGlobalSection
	GlobalSection(NestedProjects) = preSolution
		{0FA75A5B-AB83-4FD0-B545-279774C01E87} = {AFAA0841-BD93-466F-B8F4-FB4EEC86F1FC}
		{3870C648-4AEA-4B85-BA3F-F2F63B96136A} = {AFAA0841-BD93-466F-B8F4-FB4EEC86F1FC}
		{880B3591-E057-46FE-B525-10BD83828B93} = {AFAA0841-BD93-466F-B8F4-FB4EEC86F1FC}
		{38E184BD-E874-4633-A947-AED4FDB73F40} = {AFAA0841-BD93-466F-B8F4-FB4EEC86F1FC}
		{22CFE0D2-8DCA-42D7-AD7D-784C3862493F} = {AFAA0841-BD93-466F-B8F4-FB4EEC86F1FC}
		{E0580562-F8F2-4EBB-B07A-ABFC6F2C314F} = {AFAA0841-BD93-466F-B8F4-FB4EEC86F1FC}
		{D3080F1D-7E77-4141-9427-B48066C2E591} = {AFAA0841-BD93-466F-B8F4-FB4EEC86F1FC}
		{56EA956E-446A-4B92-B6DA-43403212C95B} = {26FBEDFE-767F-4D2D-AFA3-F49EFED709CD}
		{97D89026-562C-4DC1-8F43-05DA97D3F92B} = {26FBEDFE-767F-4D2D-AFA3-F49EFED709CD}
	EndGlobalSection
	GlobalSection(ExtensibilityGlobals) = postSolution
		SolutionGuid = {13DFB063-4CE1-4CDF-94A6-A3D19EF32604}
	EndGlobalSection
EndGlobal
